<?xml version="1.0" encoding="utf-8"?>
<Project ToolsVersion="4.0" xmlns="http://schemas.microsoft.com/developer/msbuild/2003">
  <ItemGroup>
    <Filter Include="Source Files">
      <UniqueIdentifier>{4FC737F1-C7A5-4376-A066-2A32D752A2FF}</UniqueIdentifier>
      <Extensions>cpp;c;cc;cxx;def;odl;idl;hpj;bat;asm;asmx</Extensions>
    </Filter>
    <Filter Include="Resource Files">
      <UniqueIdentifier>{67DA6AB6-F800-4c08-8B7A-83BB121AAD01}</UniqueIdentifier>
      <Extensions>rc;ico;cur;bmp;dlg;rc2;rct;bin;rgs;gif;jpg;jpeg;jpe;resx;tiff;tif;png;wav</Extensions>
    </Filter>
<<<<<<< HEAD
    <Filter Include="Source Files\connectionController">
      <UniqueIdentifier>{3abff4cf-c017-482b-8a36-1955b87892a8}</UniqueIdentifier>
    </Filter>
    <Filter Include="Source Files\translateController">
      <UniqueIdentifier>{f90e4d02-27c1-4ef8-897d-9075937b8231}</UniqueIdentifier>
    </Filter>
    <Filter Include="Source Files\gui">
      <UniqueIdentifier>{e7257350-8165-4d86-a32b-fd007d315096}</UniqueIdentifier>
    </Filter>
  </ItemGroup>
  <ItemGroup>
    <ClCompile Include="src\main.cpp">
      <Filter>Source Files</Filter>
    </ClCompile>
    <ClCompile Include="src\connectionController\connectionController.cpp">
      <Filter>Source Files\connectionController</Filter>
    </ClCompile>
    <ClCompile Include="src\translateController\translateController.cpp">
      <Filter>Source Files\translateController</Filter>
    </ClCompile>
    <ClCompile Include="src\GUI\AudioWizard.cpp">
      <Filter>Source Files\gui</Filter>
    </ClCompile>
    <ClCompile Include="src\GUI\ClientTsFrm.cpp">
      <Filter>Source Files\gui</Filter>
    </ClCompile>
    <ClCompile Include="src\GUI\Login.cpp">
      <Filter>Source Files\gui</Filter>
    </ClCompile>
    <ClCompile Include="src\gui\FrmMailSending.cpp">
      <Filter>Source Files\gui</Filter>
    </ClCompile>
    <ClCompile Include="src\gui\FrmSaveChat.cpp">
      <Filter>Source Files\gui</Filter>
    </ClCompile>
    <ClCompile Include="src\tinyxml2.cpp">
      <Filter>Source Files</Filter>
    </ClCompile>
    <ClCompile Include="src\gui\FrmSettingMail.cpp">
      <Filter>Source Files\gui</Filter>
    </ClCompile>
  </ItemGroup>
  <ItemGroup>
    <ClInclude Include="src\utility.h">
      <Filter>Source Files</Filter>
    </ClInclude>
    <ClInclude Include="src\GlobalVariables.h">
      <Filter>Source Files</Filter>
    </ClInclude>
    <ClInclude Include="res\resource.h" />
    <ClInclude Include="resource.h" />
    <ClInclude Include="src\connectionController\connectionController.h">
      <Filter>Source Files\connectionController</Filter>
    </ClInclude>
    <ClInclude Include="src\translateController\translateController.h">
      <Filter>Source Files\translateController</Filter>
    </ClInclude>
    <ClInclude Include="src\translateController\translateVariable.h">
      <Filter>Source Files\translateController</Filter>
    </ClInclude>
    <ClInclude Include="src\GUI\AudioWizard.h">
      <Filter>Source Files\gui</Filter>
    </ClInclude>
    <ClInclude Include="src\GUI\ClientTsFrm.h">
      <Filter>Source Files\gui</Filter>
    </ClInclude>
    <ClInclude Include="src\GUI\Login.h">
      <Filter>Source Files\gui</Filter>
    </ClInclude>
    <ClInclude Include="src\gui\FrmMailSending.h">
      <Filter>Source Files\gui</Filter>
    </ClInclude>
    <ClInclude Include="src\gui\FrmSaveChat.h">
      <Filter>Source Files\gui</Filter>
    </ClInclude>
    <ClInclude Include="src\tinyxml2.h">
      <Filter>Source Files</Filter>
    </ClInclude>
    <ClInclude Include="src\gui\FrmSettingMail.h">
      <Filter>Source Files\gui</Filter>
    </ClInclude>
=======
  </ItemGroup>
  <ItemGroup>
    <ClCompile Include="src\ClientTsFrm.cpp">
      <Filter>Source Files</Filter>
    </ClCompile>
    <ClCompile Include="src\Login.cpp">
      <Filter>Source Files</Filter>
    </ClCompile>
    <ClCompile Include="src\main.cpp">
      <Filter>Source Files</Filter>
    </ClCompile>
    <ClCompile Include="src\AudioWizard.cpp">
      <Filter>Source Files</Filter>
    </ClCompile>
    <ClCompile Include="src\NationInfo.cpp">
      <Filter>Source Files</Filter>
    </ClCompile>
    <ClCompile Include="src\NationList.cpp">
      <Filter>Source Files</Filter>
    </ClCompile>
    <ClCompile Include="src\LoginWarnings.cpp">
      <Filter>Source Files</Filter>
    </ClCompile>
    <ClCompile Include="src\ArchiveLog.cpp">
      <Filter>Source Files</Filter>
    </ClCompile>
    <ClCompile Include="src\SplashScreen.cpp">
      <Filter>Source Files</Filter>
    </ClCompile>
  </ItemGroup>
  <ItemGroup>
    <ClInclude Include="src\ClientTsFrm.h">
      <Filter>Source Files</Filter>
    </ClInclude>
    <ClInclude Include="src\Login.h">
      <Filter>Source Files</Filter>
    </ClInclude>
    <ClInclude Include="src\AudioWizard.h">
      <Filter>Source Files</Filter>
    </ClInclude>
    <ClInclude Include="src\GlobalVariables.h">
      <Filter>Source Files</Filter>
    </ClInclude>
    <ClInclude Include="src\NationInfo.h" />
    <ClInclude Include="src\NationList.h" />
    <ClInclude Include="src\LoginWarnings.h" />
    <ClInclude Include="src\ArchiveLog.h">
      <Filter>Source Files</Filter>
    </ClInclude>
    <ClInclude Include="src\SplashScreen.h" />
  </ItemGroup>
  <ItemGroup>
    <ResourceCompile Include="res\sample.rc">
      <Filter>Resource Files</Filter>
    </ResourceCompile>
>>>>>>> br-teamB
  </ItemGroup>
  <ItemGroup>
    <None Include="res\keyboard.xpm">
      <Filter>Resource Files</Filter>
    </None>
    <None Include="res\microphone.xpm">
      <Filter>Resource Files</Filter>
    </None>
    <None Include="res\sample.xpm">
      <Filter>Resource Files</Filter>
    </None>
    <None Include="res\italy.xpm">
      <Filter>Resource Files</Filter>
    </None>
    <None Include="res\brasil.xpm">
      <Filter>Resource Files</Filter>
    </None>
    <None Include="res\usa.xpm">
      <Filter>Resource Files</Filter>
    </None>
    <None Include="res\ledrosso.xpm">
      <Filter>Resource Files</Filter>
    </None>
    <None Include="res\ledverde.xpm">
      <Filter>Resource Files</Filter>
    </None>
<<<<<<< HEAD
    <None Include="res\connect.xpm">
      <Filter>Resource Files</Filter>
    </None>
    <None Include="res\sendemail.xpm">
      <Filter>Resource Files</Filter>
    </None>
    <None Include="res\mail-settings-icon.xpm">
      <Filter>Resource Files</Filter>
    </None>
  </ItemGroup>
  <ItemGroup>
    <Image Include="res\sample.ico">
      <Filter>Resource Files</Filter>
    </Image>
    <Image Include="bitmap1.bmp">
=======
    <None Include="bin\ASR.jar" />
    <None Include="bin\audiere.dll" />
    <None Include="bin\ikpFlac.dll" />
    <None Include="bin\ikpMP3.dll" />
    <None Include="bin\irrKlang.dll" />
    <None Include="bin\libcurl.dll" />
    <None Include="bin\libeay32.dll" />
    <None Include="bin\libidn-11.dll" />
    <None Include="bin\librtmp.dll" />
    <None Include="bin\libssh2.dll" />
    <None Include="bin\ssleay32.dll" />
    <None Include="bin\TeamTranslate.exe" />
    <None Include="bin\ts3client_win32.dll" />
    <None Include="bin\ts3client_win64.dll" />
    <None Include="bin\ts3server_win32.dll" />
    <None Include="bin\ts3server_win64.dll" />
    <None Include="bin\zlib1.dll" />
    <None Include="dll\audiere.dll" />
    <None Include="dll\ikpFlac.dll" />
    <None Include="dll\ikpMP3.dll" />
    <None Include="dll\irrKlang.dll" />
    <None Include="dll\libcurl.dll" />
    <None Include="dll\libeay32.dll" />
    <None Include="dll\libidn-11.dll" />
    <None Include="dll\librtmp.dll" />
    <None Include="dll\libssh2.dll" />
    <None Include="dll\ssleay32.dll" />
    <None Include="dll\ts3client_win32.dll" />
    <None Include="dll\ts3client_win64.dll" />
    <None Include="dll\ts3server_win32.dll" />
    <None Include="dll\ts3server_win64.dll" />
    <None Include="dll\zlib1.dll" />
    <None Include="lib\irrKlang.exp" />
    <None Include="lib\libcrypto.a" />
    <None Include="lib\libcrypto.dll.a" />
    <None Include="lib\libcurl.a" />
    <None Include="lib\libcurl.def">
      <Filter>Source Files</Filter>
    </None>
    <None Include="lib\libcurldll.a" />
    <None Include="lib\libidn.a" />
    <None Include="lib\libidn.dll.a" />
    <None Include="lib\librtmp.a" />
    <None Include="lib\libssh2.a" />
    <None Include="lib\libssh2.def">
      <Filter>Source Files</Filter>
    </None>
    <None Include="lib\libssh2dll.a" />
    <None Include="lib\libssl.a" />
    <None Include="lib\libssl.dll.a" />
    <None Include="lib\libz.a" />
    <None Include="lib\libz.dll.a" />
    <None Include="lib\libzdll.a" />
    <None Include="bin\res\Splash.xpm" />
  </ItemGroup>
  <ItemGroup>
    <Text Include="conf\BING.txt" />
    <Text Include="bin\TeamTranslate.Build.CppClean.log" />
    <Text Include="conf\locales_code.txt" />
  </ItemGroup>
  <ItemGroup>
    <Media Include="bin\recorded.wav">
      <Filter>Resource Files</Filter>
    </Media>
  </ItemGroup>
  <ItemGroup>
    <Library Include="lib\audiere.lib" />
    <Library Include="lib\irrKlang.lib" />
    <Library Include="lib\ts3client_win32.lib" />
    <Library Include="lib\ts3client_win64.lib" />
    <Library Include="lib\ts3server_win32.lib" />
    <Library Include="lib\ts3server_win64.lib" />
  </ItemGroup>
  <ItemGroup>
    <Image Include="res\brasil.png">
      <Filter>Resource Files</Filter>
    </Image>
    <Image Include="res\brasil.bmp">
      <Filter>Resource Files</Filter>
    </Image>
    <Image Include="res\bitmap1.bmp">
      <Filter>Resource Files</Filter>
    </Image>
    <Image Include="res\sample.ico">
      <Filter>Resource Files</Filter>
    </Image>
    <Image Include="Splash.bmp">
>>>>>>> br-teamB
      <Filter>Resource Files</Filter>
    </Image>
  </ItemGroup>
</Project>